// !$*UTF8*$!
{
	archiveVersion = 1;
	classes = {
	};
	objectVersion = 48;
	objects = {

/* Begin PBXBuildFile section */
		67785D4A1FFEA04000270BF7 /* Light.cpp in Sources */ = {isa = PBXBuildFile; fileRef = 67785D481FFEA04000270BF7 /* Light.cpp */; };
		67B34E5A1FFB9D68008E3AD9 /* stb_image.cpp in Sources */ = {isa = PBXBuildFile; fileRef = 67B34E591FFB9D68008E3AD9 /* stb_image.cpp */; };
		67B34E911FFBC62E008E3AD9 /* ModelTexture.cpp in Sources */ = {isa = PBXBuildFile; fileRef = 67B34E8F1FFBC62E008E3AD9 /* ModelTexture.cpp */; };
		67B34E941FFBC71F008E3AD9 /* TexturedModel.cpp in Sources */ = {isa = PBXBuildFile; fileRef = 67B34E921FFBC71F008E3AD9 /* TexturedModel.cpp */; };
		67B34E9C1FFC0285008E3AD9 /* StaticShader.cpp in Sources */ = {isa = PBXBuildFile; fileRef = 67B34E9A1FFC0285008E3AD9 /* StaticShader.cpp */; };
		67B34EA21FFC0ABA008E3AD9 /* Entity.cpp in Sources */ = {isa = PBXBuildFile; fileRef = 67B34EA01FFC0ABA008E3AD9 /* Entity.cpp */; };
		67CC85941FFAC8CF0074BB0F /* main.cpp in Sources */ = {isa = PBXBuildFile; fileRef = 67CC85931FFAC8CF0074BB0F /* main.cpp */; };
		67CC859C1FFAC8F00074BB0F /* libglfw.3.2.dylib in Frameworks */ = {isa = PBXBuildFile; fileRef = 67CC859B1FFAC8F00074BB0F /* libglfw.3.2.dylib */; };
		67CC859E1FFAC9A80074BB0F /* glad.c in Sources */ = {isa = PBXBuildFile; fileRef = 67CC859D1FFAC9A80074BB0F /* glad.c */; };
		67CC85A11FFAC9F90074BB0F /* Window.cpp in Sources */ = {isa = PBXBuildFile; fileRef = 67CC859F1FFAC9F90074BB0F /* Window.cpp */; };
		67CC85A41FFAD68A0074BB0F /* RawModel.cpp in Sources */ = {isa = PBXBuildFile; fileRef = 67CC85A21FFAD68A0074BB0F /* RawModel.cpp */; };
		67CC85A71FFAD9300074BB0F /* Loader.cpp in Sources */ = {isa = PBXBuildFile; fileRef = 67CC85A51FFAD9300074BB0F /* Loader.cpp */; };
		67CC85AA1FFAE5240074BB0F /* Renderer.cpp in Sources */ = {isa = PBXBuildFile; fileRef = 67CC85A81FFAE5240074BB0F /* Renderer.cpp */; };
		67CC85B31FFB02970074BB0F /* ShaderProgram.cpp in Sources */ = {isa = PBXBuildFile; fileRef = 67CC85B11FFB02970074BB0F /* ShaderProgram.cpp */; };
		67E69DE81FFC159E000190D2 /* utils.cpp in Sources */ = {isa = PBXBuildFile; fileRef = 67E69DE61FFC159E000190D2 /* utils.cpp */; };
		67E69DEB1FFC2A5E000190D2 /* Camera.cpp in Sources */ = {isa = PBXBuildFile; fileRef = 67E69DE91FFC2A5E000190D2 /* Camera.cpp */; };
		67E69DF61FFC4398000190D2 /* ObjLoader.cpp in Sources */ = {isa = PBXBuildFile; fileRef = 67E69DF41FFC4398000190D2 /* ObjLoader.cpp */; };
/* End PBXBuildFile section */

/* Begin PBXCopyFilesBuildPhase section */
		67CC858E1FFAC8CF0074BB0F /* CopyFiles */ = {
			isa = PBXCopyFilesBuildPhase;
			buildActionMask = 2147483647;
			dstPath = /usr/share/man/man1/;
			dstSubfolderSpec = 0;
			files = (
			);
			runOnlyForDeploymentPostprocessing = 1;
		};
/* End PBXCopyFilesBuildPhase section */

/* Begin PBXFileReference section */
		67785D421FFD554F00270BF7 /* dragon.obj */ = {isa = PBXFileReference; lastKnownFileType = text; path = dragon.obj; sourceTree = "<group>"; };
		67785D471FFE9F1C00270BF7 /* dragon.png */ = {isa = PBXFileReference; lastKnownFileType = image.png; path = dragon.png; sourceTree = "<group>"; };
		67785D481FFEA04000270BF7 /* Light.cpp */ = {isa = PBXFileReference; lastKnownFileType = sourcecode.cpp.cpp; path = Light.cpp; sourceTree = "<group>"; };
		67785D491FFEA04000270BF7 /* Light.hpp */ = {isa = PBXFileReference; lastKnownFileType = sourcecode.cpp.h; path = Light.hpp; sourceTree = "<group>"; };
		67B34E581FFB9D68008E3AD9 /* stb_image.h */ = {isa = PBXFileReference; fileEncoding = 4; lastKnownFileType = sourcecode.c.h; path = stb_image.h; sourceTree = "<group>"; };
		67B34E591FFB9D68008E3AD9 /* stb_image.cpp */ = {isa = PBXFileReference; fileEncoding = 4; lastKnownFileType = sourcecode.cpp.cpp; path = stb_image.cpp; sourceTree = "<group>"; };
		67B34E8F1FFBC62E008E3AD9 /* ModelTexture.cpp */ = {isa = PBXFileReference; lastKnownFileType = sourcecode.cpp.cpp; path = ModelTexture.cpp; sourceTree = "<group>"; };
		67B34E901FFBC62E008E3AD9 /* ModelTexture.hpp */ = {isa = PBXFileReference; lastKnownFileType = sourcecode.cpp.h; path = ModelTexture.hpp; sourceTree = "<group>"; };
		67B34E921FFBC71F008E3AD9 /* TexturedModel.cpp */ = {isa = PBXFileReference; lastKnownFileType = sourcecode.cpp.cpp; path = TexturedModel.cpp; sourceTree = "<group>"; };
		67B34E931FFBC71F008E3AD9 /* TexturedModel.hpp */ = {isa = PBXFileReference; lastKnownFileType = sourcecode.cpp.h; path = TexturedModel.hpp; sourceTree = "<group>"; };
		67B34E9A1FFC0285008E3AD9 /* StaticShader.cpp */ = {isa = PBXFileReference; lastKnownFileType = sourcecode.cpp.cpp; path = StaticShader.cpp; sourceTree = "<group>"; };
		67B34E9B1FFC0285008E3AD9 /* StaticShader.hpp */ = {isa = PBXFileReference; lastKnownFileType = sourcecode.cpp.h; path = StaticShader.hpp; sourceTree = "<group>"; };
		67B34EA01FFC0ABA008E3AD9 /* Entity.cpp */ = {isa = PBXFileReference; lastKnownFileType = sourcecode.cpp.cpp; path = Entity.cpp; sourceTree = "<group>"; };
		67B34EA11FFC0ABA008E3AD9 /* Entity.hpp */ = {isa = PBXFileReference; lastKnownFileType = sourcecode.cpp.h; path = Entity.hpp; sourceTree = "<group>"; };
		67CC85901FFAC8CF0074BB0F /* Game */ = {isa = PBXFileReference; explicitFileType = "compiled.mach-o.executable"; includeInIndex = 0; path = Game; sourceTree = BUILT_PRODUCTS_DIR; };
		67CC85931FFAC8CF0074BB0F /* main.cpp */ = {isa = PBXFileReference; lastKnownFileType = sourcecode.cpp.cpp; path = main.cpp; sourceTree = "<group>"; };
		67CC859B1FFAC8F00074BB0F /* libglfw.3.2.dylib */ = {isa = PBXFileReference; lastKnownFileType = "compiled.mach-o.dylib"; name = libglfw.3.2.dylib; path = ../../../../../usr/local/Cellar/glfw/3.2.1/lib/libglfw.3.2.dylib; sourceTree = "<group>"; };
		67CC859D1FFAC9A80074BB0F /* glad.c */ = {isa = PBXFileReference; fileEncoding = 4; lastKnownFileType = sourcecode.c.c; path = glad.c; sourceTree = "<group>"; };
		67CC859F1FFAC9F90074BB0F /* Window.cpp */ = {isa = PBXFileReference; lastKnownFileType = sourcecode.cpp.cpp; path = Window.cpp; sourceTree = "<group>"; };
		67CC85A01FFAC9F90074BB0F /* Window.hpp */ = {isa = PBXFileReference; lastKnownFileType = sourcecode.cpp.h; path = Window.hpp; sourceTree = "<group>"; };
		67CC85A21FFAD68A0074BB0F /* RawModel.cpp */ = {isa = PBXFileReference; lastKnownFileType = sourcecode.cpp.cpp; path = RawModel.cpp; sourceTree = "<group>"; };
		67CC85A31FFAD68A0074BB0F /* RawModel.hpp */ = {isa = PBXFileReference; lastKnownFileType = sourcecode.cpp.h; path = RawModel.hpp; sourceTree = "<group>"; };
		67CC85A51FFAD9300074BB0F /* Loader.cpp */ = {isa = PBXFileReference; lastKnownFileType = sourcecode.cpp.cpp; path = Loader.cpp; sourceTree = "<group>"; };
		67CC85A61FFAD9300074BB0F /* Loader.hpp */ = {isa = PBXFileReference; lastKnownFileType = sourcecode.cpp.h; path = Loader.hpp; sourceTree = "<group>"; };
		67CC85A81FFAE5240074BB0F /* Renderer.cpp */ = {isa = PBXFileReference; lastKnownFileType = sourcecode.cpp.cpp; path = Renderer.cpp; sourceTree = "<group>"; };
		67CC85A91FFAE5240074BB0F /* Renderer.hpp */ = {isa = PBXFileReference; lastKnownFileType = sourcecode.cpp.h; path = Renderer.hpp; sourceTree = "<group>"; };
		67CC85AE1FFAF6130074BB0F /* fragment_shader.glsl */ = {isa = PBXFileReference; fileEncoding = 4; lastKnownFileType = text; path = fragment_shader.glsl; sourceTree = "<group>"; };
		67CC85AF1FFAF6130074BB0F /* vertex_shader.glsl */ = {isa = PBXFileReference; fileEncoding = 4; lastKnownFileType = text; path = vertex_shader.glsl; sourceTree = "<group>"; };
		67CC85B11FFB02970074BB0F /* ShaderProgram.cpp */ = {isa = PBXFileReference; lastKnownFileType = sourcecode.cpp.cpp; path = ShaderProgram.cpp; sourceTree = "<group>"; };
		67CC85B21FFB02970074BB0F /* ShaderProgram.hpp */ = {isa = PBXFileReference; lastKnownFileType = sourcecode.cpp.h; path = ShaderProgram.hpp; sourceTree = "<group>"; };
		67E69DE61FFC159E000190D2 /* utils.cpp */ = {isa = PBXFileReference; lastKnownFileType = sourcecode.cpp.cpp; path = utils.cpp; sourceTree = "<group>"; };
		67E69DE71FFC159E000190D2 /* utils.hpp */ = {isa = PBXFileReference; lastKnownFileType = sourcecode.cpp.h; path = utils.hpp; sourceTree = "<group>"; };
		67E69DE91FFC2A5E000190D2 /* Camera.cpp */ = {isa = PBXFileReference; lastKnownFileType = sourcecode.cpp.cpp; path = Camera.cpp; sourceTree = "<group>"; };
		67E69DEA1FFC2A5E000190D2 /* Camera.hpp */ = {isa = PBXFileReference; lastKnownFileType = sourcecode.cpp.h; path = Camera.hpp; sourceTree = "<group>"; };
		67E69DF21FFC42CC000190D2 /* stall.png */ = {isa = PBXFileReference; lastKnownFileType = image.png; path = stall.png; sourceTree = "<group>"; };
		67E69DF41FFC4398000190D2 /* ObjLoader.cpp */ = {isa = PBXFileReference; lastKnownFileType = sourcecode.cpp.cpp; path = ObjLoader.cpp; sourceTree = "<group>"; };
		67E69DF51FFC4398000190D2 /* ObjLoader.hpp */ = {isa = PBXFileReference; lastKnownFileType = sourcecode.cpp.h; path = ObjLoader.hpp; sourceTree = "<group>"; };
		67E69DF71FFC519F000190D2 /* stall.obj */ = {isa = PBXFileReference; fileEncoding = 4; lastKnownFileType = text; path = stall.obj; sourceTree = "<group>"; };
/* End PBXFileReference section */

/* Begin PBXFrameworksBuildPhase section */
		67CC858D1FFAC8CF0074BB0F /* Frameworks */ = {
			isa = PBXFrameworksBuildPhase;
			buildActionMask = 2147483647;
			files = (
				67CC859C1FFAC8F00074BB0F /* libglfw.3.2.dylib in Frameworks */,
			);
			runOnlyForDeploymentPostprocessing = 0;
		};
/* End PBXFrameworksBuildPhase section */

/* Begin PBXGroup section */
		67785D411FFD554300270BF7 /* dragon */ = {
			isa = PBXGroup;
			children = (
				67785D471FFE9F1C00270BF7 /* dragon.png */,
				67785D421FFD554F00270BF7 /* dragon.obj */,
			);
			path = dragon;
			sourceTree = "<group>";
		};
		67CC85871FFAC8CF0074BB0F = {
			isa = PBXGroup;
			children = (
				67CC85921FFAC8CF0074BB0F /* Game */,
				67CC85911FFAC8CF0074BB0F /* Products */,
				67CC859A1FFAC8EF0074BB0F /* Frameworks */,
			);
			sourceTree = "<group>";
		};
		67CC85911FFAC8CF0074BB0F /* Products */ = {
			isa = PBXGroup;
			children = (
				67CC85901FFAC8CF0074BB0F /* Game */,
			);
			name = Products;
			sourceTree = "<group>";
		};
		67CC85921FFAC8CF0074BB0F /* Game */ = {
			isa = PBXGroup;
			children = (
				67E69DE91FFC2A5E000190D2 /* Camera.cpp */,
				67E69DEA1FFC2A5E000190D2 /* Camera.hpp */,
				67785D481FFEA04000270BF7 /* Light.cpp */,
				67785D491FFEA04000270BF7 /* Light.hpp */,
				67B34EA01FFC0ABA008E3AD9 /* Entity.cpp */,
				67B34EA11FFC0ABA008E3AD9 /* Entity.hpp */,
				67CC859D1FFAC9A80074BB0F /* glad.c */,
				67CC85A51FFAD9300074BB0F /* Loader.cpp */,
				67CC85A61FFAD9300074BB0F /* Loader.hpp */,
				67CC85931FFAC8CF0074BB0F /* main.cpp */,
				67E69DF01FFC42BD000190D2 /* models */,
				67B34E8F1FFBC62E008E3AD9 /* ModelTexture.cpp */,
				67B34E901FFBC62E008E3AD9 /* ModelTexture.hpp */,
				67E69DF41FFC4398000190D2 /* ObjLoader.cpp */,
				67E69DF51FFC4398000190D2 /* ObjLoader.hpp */,
				67CC85A21FFAD68A0074BB0F /* RawModel.cpp */,
				67CC85A31FFAD68A0074BB0F /* RawModel.hpp */,
				67CC85A81FFAE5240074BB0F /* Renderer.cpp */,
				67CC85A91FFAE5240074BB0F /* Renderer.hpp */,
				67CC85B11FFB02970074BB0F /* ShaderProgram.cpp */,
				67CC85B21FFB02970074BB0F /* ShaderProgram.hpp */,
				67CC85AD1FFAF6130074BB0F /* shaders */,
				67B34E9A1FFC0285008E3AD9 /* StaticShader.cpp */,
				67B34E9B1FFC0285008E3AD9 /* StaticShader.hpp */,
				67B34E591FFB9D68008E3AD9 /* stb_image.cpp */,
				67B34E581FFB9D68008E3AD9 /* stb_image.h */,
				67B34E921FFBC71F008E3AD9 /* TexturedModel.cpp */,
				67B34E931FFBC71F008E3AD9 /* TexturedModel.hpp */,
				67E69DE61FFC159E000190D2 /* utils.cpp */,
				67E69DE71FFC159E000190D2 /* utils.hpp */,
				67CC859F1FFAC9F90074BB0F /* Window.cpp */,
				67CC85A01FFAC9F90074BB0F /* Window.hpp */,
			);
			path = Game;
			sourceTree = "<group>";
		};
		67CC859A1FFAC8EF0074BB0F /* Frameworks */ = {
			isa = PBXGroup;
			children = (
				67CC859B1FFAC8F00074BB0F /* libglfw.3.2.dylib */,
			);
			name = Frameworks;
			sourceTree = "<group>";
		};
		67CC85AD1FFAF6130074BB0F /* shaders */ = {
			isa = PBXGroup;
			children = (
				67CC85AE1FFAF6130074BB0F /* fragment_shader.glsl */,
				67CC85AF1FFAF6130074BB0F /* vertex_shader.glsl */,
			);
			path = shaders;
			sourceTree = "<group>";
		};
		67E69DF01FFC42BD000190D2 /* models */ = {
			isa = PBXGroup;
			children = (
				67785D411FFD554300270BF7 /* dragon */,
				67E69DF11FFC42C2000190D2 /* stall */,
			);
			path = models;
			sourceTree = "<group>";
		};
		67E69DF11FFC42C2000190D2 /* stall */ = {
			isa = PBXGroup;
			children = (
				67E69DF71FFC519F000190D2 /* stall.obj */,
				67E69DF21FFC42CC000190D2 /* stall.png */,
			);
			path = stall;
			sourceTree = "<group>";
		};
/* End PBXGroup section */

/* Begin PBXNativeTarget section */
		67CC858F1FFAC8CF0074BB0F /* Game */ = {
			isa = PBXNativeTarget;
			buildConfigurationList = 67CC85971FFAC8CF0074BB0F /* Build configuration list for PBXNativeTarget "Game" */;
			buildPhases = (
				67CC858C1FFAC8CF0074BB0F /* Sources */,
				67CC858D1FFAC8CF0074BB0F /* Frameworks */,
				67CC858E1FFAC8CF0074BB0F /* CopyFiles */,
			);
			buildRules = (
			);
			dependencies = (
			);
			name = Game;
			productName = Game;
			productReference = 67CC85901FFAC8CF0074BB0F /* Game */;
			productType = "com.apple.product-type.tool";
		};
/* End PBXNativeTarget section */

/* Begin PBXProject section */
		67CC85881FFAC8CF0074BB0F /* Project object */ = {
			isa = PBXProject;
			attributes = {
				LastUpgradeCheck = 0920;
				ORGANIZATIONNAME = "Jakub Hladik";
				TargetAttributes = {
					67CC858F1FFAC8CF0074BB0F = {
						CreatedOnToolsVersion = 9.2;
						ProvisioningStyle = Automatic;
					};
				};
			};
			buildConfigurationList = 67CC858B1FFAC8CF0074BB0F /* Build configuration list for PBXProject "Game" */;
			compatibilityVersion = "Xcode 8.0";
			developmentRegion = en;
			hasScannedForEncodings = 0;
			knownRegions = (
				en,
			);
			mainGroup = 67CC85871FFAC8CF0074BB0F;
			productRefGroup = 67CC85911FFAC8CF0074BB0F /* Products */;
			projectDirPath = "";
			projectRoot = "";
			targets = (
				67CC858F1FFAC8CF0074BB0F /* Game */,
			);
		};
/* End PBXProject section */

/* Begin PBXSourcesBuildPhase section */
		67CC858C1FFAC8CF0074BB0F /* Sources */ = {
			isa = PBXSourcesBuildPhase;
			buildActionMask = 2147483647;
			files = (
				67CC85AA1FFAE5240074BB0F /* Renderer.cpp in Sources */,
				67B34E9C1FFC0285008E3AD9 /* StaticShader.cpp in Sources */,
				67785D4A1FFEA04000270BF7 /* Light.cpp in Sources */,
				67E69DEB1FFC2A5E000190D2 /* Camera.cpp in Sources */,
				67B34E5A1FFB9D68008E3AD9 /* stb_image.cpp in Sources */,
				67B34E941FFBC71F008E3AD9 /* TexturedModel.cpp in Sources */,
				67E69DF61FFC4398000190D2 /* ObjLoader.cpp in Sources */,
				67CC85B31FFB02970074BB0F /* ShaderProgram.cpp in Sources */,
				67E69DE81FFC159E000190D2 /* utils.cpp in Sources */,
				67CC85A41FFAD68A0074BB0F /* RawModel.cpp in Sources */,
				67B34E911FFBC62E008E3AD9 /* ModelTexture.cpp in Sources */,
				67CC85A71FFAD9300074BB0F /* Loader.cpp in Sources */,
				67B34EA21FFC0ABA008E3AD9 /* Entity.cpp in Sources */,
				67CC85941FFAC8CF0074BB0F /* main.cpp in Sources */,
				67CC85A11FFAC9F90074BB0F /* Window.cpp in Sources */,
				67CC859E1FFAC9A80074BB0F /* glad.c in Sources */,
			);
			runOnlyForDeploymentPostprocessing = 0;
		};
/* End PBXSourcesBuildPhase section */

/* Begin XCBuildConfiguration section */
		67CC85951FFAC8CF0074BB0F /* Debug */ = {
			isa = XCBuildConfiguration;
			buildSettings = {
				ALWAYS_SEARCH_USER_PATHS = NO;
				CLANG_ANALYZER_NONNULL = YES;
				CLANG_ANALYZER_NUMBER_OBJECT_CONVERSION = YES_AGGRESSIVE;
				CLANG_CXX_LANGUAGE_STANDARD = "gnu++14";
				CLANG_CXX_LIBRARY = "libc++";
				CLANG_ENABLE_MODULES = YES;
				CLANG_ENABLE_OBJC_ARC = YES;
				CLANG_WARN_BLOCK_CAPTURE_AUTORELEASING = YES;
				CLANG_WARN_BOOL_CONVERSION = YES;
				CLANG_WARN_COMMA = YES;
				CLANG_WARN_CONSTANT_CONVERSION = YES;
				CLANG_WARN_DIRECT_OBJC_ISA_USAGE = YES_ERROR;
				CLANG_WARN_DOCUMENTATION_COMMENTS = YES;
				CLANG_WARN_EMPTY_BODY = YES;
				CLANG_WARN_ENUM_CONVERSION = YES;
				CLANG_WARN_INFINITE_RECURSION = YES;
				CLANG_WARN_INT_CONVERSION = YES;
				CLANG_WARN_NON_LITERAL_NULL_CONVERSION = YES;
				CLANG_WARN_OBJC_LITERAL_CONVERSION = YES;
				CLANG_WARN_OBJC_ROOT_CLASS = YES_ERROR;
				CLANG_WARN_RANGE_LOOP_ANALYSIS = YES;
				CLANG_WARN_STRICT_PROTOTYPES = YES;
				CLANG_WARN_SUSPICIOUS_MOVE = YES;
				CLANG_WARN_UNGUARDED_AVAILABILITY = YES_AGGRESSIVE;
				CLANG_WARN_UNREACHABLE_CODE = YES;
				CLANG_WARN__DUPLICATE_METHOD_MATCH = YES;
				CODE_SIGN_IDENTITY = "-";
				COPY_PHASE_STRIP = NO;
				DEBUG_INFORMATION_FORMAT = dwarf;
				ENABLE_STRICT_OBJC_MSGSEND = YES;
				ENABLE_TESTABILITY = YES;
				GCC_C_LANGUAGE_STANDARD = gnu11;
				GCC_DYNAMIC_NO_PIC = NO;
				GCC_NO_COMMON_BLOCKS = YES;
				GCC_OPTIMIZATION_LEVEL = 0;
				GCC_PREPROCESSOR_DEFINITIONS = (
					"DEBUG=1",
					"$(inherited)",
				);
				GCC_WARN_64_TO_32_BIT_CONVERSION = YES;
				GCC_WARN_ABOUT_RETURN_TYPE = YES_ERROR;
				GCC_WARN_UNDECLARED_SELECTOR = YES;
				GCC_WARN_UNINITIALIZED_AUTOS = YES_AGGRESSIVE;
				GCC_WARN_UNUSED_FUNCTION = YES;
				GCC_WARN_UNUSED_VARIABLE = YES;
				MACOSX_DEPLOYMENT_TARGET = 10.13;
				MTL_ENABLE_DEBUG_INFO = YES;
				ONLY_ACTIVE_ARCH = YES;
				SDKROOT = macosx;
			};
			name = Debug;
		};
		67CC85961FFAC8CF0074BB0F /* Release */ = {
			isa = XCBuildConfiguration;
			buildSettings = {
				ALWAYS_SEARCH_USER_PATHS = NO;
				CLANG_ANALYZER_NONNULL = YES;
				CLANG_ANALYZER_NUMBER_OBJECT_CONVERSION = YES_AGGRESSIVE;
				CLANG_CXX_LANGUAGE_STANDARD = "gnu++14";
				CLANG_CXX_LIBRARY = "libc++";
				CLANG_ENABLE_MODULES = YES;
				CLANG_ENABLE_OBJC_ARC = YES;
				CLANG_WARN_BLOCK_CAPTURE_AUTORELEASING = YES;
				CLANG_WARN_BOOL_CONVERSION = YES;
				CLANG_WARN_COMMA = YES;
				CLANG_WARN_CONSTANT_CONVERSION = YES;
				CLANG_WARN_DIRECT_OBJC_ISA_USAGE = YES_ERROR;
				CLANG_WARN_DOCUMENTATION_COMMENTS = YES;
				CLANG_WARN_EMPTY_BODY = YES;
				CLANG_WARN_ENUM_CONVERSION = YES;
				CLANG_WARN_INFINITE_RECURSION = YES;
				CLANG_WARN_INT_CONVERSION = YES;
				CLANG_WARN_NON_LITERAL_NULL_CONVERSION = YES;
				CLANG_WARN_OBJC_LITERAL_CONVERSION = YES;
				CLANG_WARN_OBJC_ROOT_CLASS = YES_ERROR;
				CLANG_WARN_RANGE_LOOP_ANALYSIS = YES;
				CLANG_WARN_STRICT_PROTOTYPES = YES;
				CLANG_WARN_SUSPICIOUS_MOVE = YES;
				CLANG_WARN_UNGUARDED_AVAILABILITY = YES_AGGRESSIVE;
				CLANG_WARN_UNREACHABLE_CODE = YES;
				CLANG_WARN__DUPLICATE_METHOD_MATCH = YES;
				CODE_SIGN_IDENTITY = "-";
				COPY_PHASE_STRIP = NO;
				DEBUG_INFORMATION_FORMAT = "dwarf-with-dsym";
				ENABLE_NS_ASSERTIONS = NO;
				ENABLE_STRICT_OBJC_MSGSEND = YES;
				GCC_C_LANGUAGE_STANDARD = gnu11;
				GCC_NO_COMMON_BLOCKS = YES;
				GCC_WARN_64_TO_32_BIT_CONVERSION = YES;
				GCC_WARN_ABOUT_RETURN_TYPE = YES_ERROR;
				GCC_WARN_UNDECLARED_SELECTOR = YES;
				GCC_WARN_UNINITIALIZED_AUTOS = YES_AGGRESSIVE;
				GCC_WARN_UNUSED_FUNCTION = YES;
				GCC_WARN_UNUSED_VARIABLE = YES;
				MACOSX_DEPLOYMENT_TARGET = 10.13;
				MTL_ENABLE_DEBUG_INFO = NO;
				SDKROOT = macosx;
			};
			name = Release;
		};
		67CC85981FFAC8CF0074BB0F /* Debug */ = {
			isa = XCBuildConfiguration;
			buildSettings = {
				CODE_SIGN_STYLE = Automatic;
				HEADER_SEARCH_PATHS = /usr/local/include;
				LIBRARY_SEARCH_PATHS = (
					"$(inherited)",
					/usr/local/Cellar/glfw/3.2.1/lib,
				);
				PRODUCT_NAME = "$(TARGET_NAME)";
			};
			name = Debug;
		};
		67CC85991FFAC8CF0074BB0F /* Release */ = {
			isa = XCBuildConfiguration;
			buildSettings = {
				CODE_SIGN_STYLE = Automatic;
				HEADER_SEARCH_PATHS = /usr/local/include;
				LIBRARY_SEARCH_PATHS = (
					"$(inherited)",
					/usr/local/Cellar/glfw/3.2.1/lib,
				);
				PRODUCT_NAME = "$(TARGET_NAME)";
			};
			name = Release;
		};
/* End XCBuildConfiguration section */

/* Begin XCConfigurationList section */
		67CC858B1FFAC8CF0074BB0F /* Build configuration list for PBXProject "Game" */ = {
			isa = XCConfigurationList;
			buildConfigurations = (
				67CC85951FFAC8CF0074BB0F /* Debug */,
				67CC85961FFAC8CF0074BB0F /* Release */,
			);
			defaultConfigurationIsVisible = 0;
			defaultConfigurationName = Release;
		};
		67CC85971FFAC8CF0074BB0F /* Build configuration list for PBXNativeTarget "Game" */ = {
			isa = XCConfigurationList;
			buildConfigurations = (
				67CC85981FFAC8CF0074BB0F /* Debug */,
				67CC85991FFAC8CF0074BB0F /* Release */,
			);
			defaultConfigurationIsVisible = 0;
			defaultConfigurationName = Release;
		};
/* End XCConfigurationList section */
	};
	rootObject = 67CC85881FFAC8CF0074BB0F /* Project object */;
}
